
Microsoft Visual Studio Solution File, Format Version 12.00
# Visual Studio Version 17
VisualStudioVersion = 17.13.35825.156
MinimumVisualStudioVersion = 10.0.40219.1
Project("{FAE04EC0-301F-11D3-BF4B-00C04F79EFBC}") = "DispatcherService.Domain", "DispatcherService.Domain\DispatcherService.Domain.csproj", "{9A3E3A6E-8BCD-4664-989F-415C9F938745}"
EndProject
Project("{2150E333-8FDC-42A3-9474-1A3956D46DE8}") = "src", "src", "{36D591C7-65C7-A0D1-1CBC-10CDE441BDC8}"
EndProject
Project("{2150E333-8FDC-42A3-9474-1A3956D46DE8}") = "test", "test", "{E585EF23-239F-420C-BFA4-11D054605A3A}"
EndProject
Project("{FAE04EC0-301F-11D3-BF4B-00C04F79EFBC}") = "DispatcherService.Domain.Tests", "DispatcherService.Domain.Tests\DispatcherService.Domain.Tests.csproj", "{4AFE0A7B-EC14-4F78-9EB4-3C72DAFA773E}"
EndProject
Global
	GlobalSection(SolutionConfigurationPlatforms) = preSolution
		Debug|Any CPU = Debug|Any CPU
		Release|Any CPU = Release|Any CPU
	EndGlobalSection
	GlobalSection(ProjectConfigurationPlatforms) = postSolution
		{9A3E3A6E-8BCD-4664-989F-415C9F938745}.Debug|Any CPU.ActiveCfg = Debug|Any CPU
		{9A3E3A6E-8BCD-4664-989F-415C9F938745}.Debug|Any CPU.Build.0 = Debug|Any CPU
		{9A3E3A6E-8BCD-4664-989F-415C9F938745}.Release|Any CPU.ActiveCfg = Release|Any CPU
		{9A3E3A6E-8BCD-4664-989F-415C9F938745}.Release|Any CPU.Build.0 = Release|Any CPU
		{4AFE0A7B-EC14-4F78-9EB4-3C72DAFA773E}.Debug|Any CPU.ActiveCfg = Debug|Any CPU
		{4AFE0A7B-EC14-4F78-9EB4-3C72DAFA773E}.Debug|Any CPU.Build.0 = Debug|Any CPU
		{4AFE0A7B-EC14-4F78-9EB4-3C72DAFA773E}.Release|Any CPU.ActiveCfg = Release|Any CPU
		{4AFE0A7B-EC14-4F78-9EB4-3C72DAFA773E}.Release|Any CPU.Build.0 = Release|Any CPU
	EndGlobalSection
	GlobalSection(SolutionProperties) = preSolution
		HideSolutionNode = FALSE
	EndGlobalSection
	GlobalSection(NestedProjects) = preSolution
		{9A3E3A6E-8BCD-4664-989F-415C9F938745} = {36D591C7-65C7-A0D1-1CBC-10CDE441BDC8}
		{4AFE0A7B-EC14-4F78-9EB4-3C72DAFA773E} = {E585EF23-239F-420C-BFA4-11D054605A3A}
	EndGlobalSection
	GlobalSection(ExtensibilityGlobals) = postSolution
		SolutionGuid = {B5FBBA3C-A8DB-410F-9066-BDF5063F7203}
	EndGlobalSection
EndGlobal
